
Microsoft Visual Studio Solution File, Format Version 12.00
# Visual Studio 15
VisualStudioVersion = 15.0.26403.7
MinimumVisualStudioVersion = 10.0.40219.1
Project("{FAE04EC0-301F-11D3-BF4B-00C04F79EFBC}") = "Problem 1. SoftUni Coffee Orders", "Problem 1. SoftUni Coffee Orders\Problem 1. SoftUni Coffee Orders.csproj", "{0BAD17B9-16B7-4AF8-9AEF-D7127B35BF50}"
EndProject
Project("{FAE04EC0-301F-11D3-BF4B-00C04F79EFBC}") = "Problem 2 – Command Interpreter", "Problem 2 – Command Interpreter\Problem 2 – Command Interpreter.csproj", "{46D8AAEC-05C1-45AF-832C-DC41F60BEBA5}"
EndProject
Project("{FAE04EC0-301F-11D3-BF4B-00C04F79EFBC}") = "Problem 3 – Rage Quit", "Problem 3 – Rage Quit\Problem 3 – Rage Quit.csproj", "{40C1BF62-575C-465C-A1E0-713CB553B9A4}"
EndProject
Project("{FAE04EC0-301F-11D3-BF4B-00C04F79EFBC}") = "Problem 4. Files", "Problem 4. Files\Problem 4. Files.csproj", "{F942ED83-FB9D-4EAB-BEF0-7A7BD7B8809A}"
EndProject
Project("{FAE04EC0-301F-11D3-BF4B-00C04F79EFBC}") = "5", "5\5.csproj", "{6516F892-7A6E-47C3-BBCA-86793B3A8D6C}"
EndProject
Global
	GlobalSection(SolutionConfigurationPlatforms) = preSolution
		Debug|Any CPU = Debug|Any CPU
		Release|Any CPU = Release|Any CPU
	EndGlobalSection
	GlobalSection(ProjectConfigurationPlatforms) = postSolution
		{0BAD17B9-16B7-4AF8-9AEF-D7127B35BF50}.Debug|Any CPU.ActiveCfg = Debug|Any CPU
		{0BAD17B9-16B7-4AF8-9AEF-D7127B35BF50}.Debug|Any CPU.Build.0 = Debug|Any CPU
		{0BAD17B9-16B7-4AF8-9AEF-D7127B35BF50}.Release|Any CPU.ActiveCfg = Release|Any CPU
		{0BAD17B9-16B7-4AF8-9AEF-D7127B35BF50}.Release|Any CPU.Build.0 = Release|Any CPU
		{46D8AAEC-05C1-45AF-832C-DC41F60BEBA5}.Debug|Any CPU.ActiveCfg = Debug|Any CPU
		{46D8AAEC-05C1-45AF-832C-DC41F60BEBA5}.Debug|Any CPU.Build.0 = Debug|Any CPU
		{46D8AAEC-05C1-45AF-832C-DC41F60BEBA5}.Release|Any CPU.ActiveCfg = Release|Any CPU
		{46D8AAEC-05C1-45AF-832C-DC41F60BEBA5}.Release|Any CPU.Build.0 = Release|Any CPU
		{40C1BF62-575C-465C-A1E0-713CB553B9A4}.Debug|Any CPU.ActiveCfg = Debug|Any CPU
		{40C1BF62-575C-465C-A1E0-713CB553B9A4}.Debug|Any CPU.Build.0 = Debug|Any CPU
		{40C1BF62-575C-465C-A1E0-713CB553B9A4}.Release|Any CPU.ActiveCfg = Release|Any CPU
		{40C1BF62-575C-465C-A1E0-713CB553B9A4}.Release|Any CPU.Build.0 = Release|Any CPU
		{F942ED83-FB9D-4EAB-BEF0-7A7BD7B8809A}.Debug|Any CPU.ActiveCfg = Debug|Any CPU
		{F942ED83-FB9D-4EAB-BEF0-7A7BD7B8809A}.Debug|Any CPU.Build.0 = Debug|Any CPU
		{F942ED83-FB9D-4EAB-BEF0-7A7BD7B8809A}.Release|Any CPU.ActiveCfg = Release|Any CPU
		{F942ED83-FB9D-4EAB-BEF0-7A7BD7B8809A}.Release|Any CPU.Build.0 = Release|Any CPU
		{6516F892-7A6E-47C3-BBCA-86793B3A8D6C}.Debug|Any CPU.ActiveCfg = Debug|Any CPU
		{6516F892-7A6E-47C3-BBCA-86793B3A8D6C}.Debug|Any CPU.Build.0 = Debug|Any CPU
		{6516F892-7A6E-47C3-BBCA-86793B3A8D6C}.Release|Any CPU.ActiveCfg = Release|Any CPU
		{6516F892-7A6E-47C3-BBCA-86793B3A8D6C}.Release|Any CPU.Build.0 = Release|Any CPU
	EndGlobalSection
	GlobalSection(SolutionProperties) = preSolution
		HideSolutionNode = FALSE
	EndGlobalSection
EndGlobal
