
Microsoft Visual Studio Solution File, Format Version 12.00
# Visual Studio 14
VisualStudioVersion = 14.0.25420.1
MinimumVisualStudioVersion = 10.0.40219.1
Project("{FAE04EC0-301F-11D3-BF4B-00C04F79EFBC}") = "Problem 9.  Melrah Shake", "Problem 9.  Melrah Shake.csproj", "{FA6B2443-D726-44C9-A3CF-F00256C64779}"
EndProject
Global
	GlobalSection(SolutionConfigurationPlatforms) = preSolution
		Debug|Any CPU = Debug|Any CPU
		Release|Any CPU = Release|Any CPU
	EndGlobalSection
	GlobalSection(ProjectConfigurationPlatforms) = postSolution
		{FA6B2443-D726-44C9-A3CF-F00256C64779}.Debug|Any CPU.ActiveCfg = Debug|Any CPU
		{FA6B2443-D726-44C9-A3CF-F00256C64779}.Debug|Any CPU.Build.0 = Debug|Any CPU
		{FA6B2443-D726-44C9-A3CF-F00256C64779}.Release|Any CPU.ActiveCfg = Release|Any CPU
		{FA6B2443-D726-44C9-A3CF-F00256C64779}.Release|Any CPU.Build.0 = Release|Any CPU
	EndGlobalSection
	GlobalSection(SolutionProperties) = preSolution
		HideSolutionNode = FALSE
	EndGlobalSection
EndGlobal
